// !$*UTF8*$!
{
	archiveVersion = 1;
	classes = {
	};
	objectVersion = 46;
	objects = {

/* Begin PBXBuildFile section */
		AB8118E41F5FE19100236B74 /* AppDelegate.swift in Sources */ = {isa = PBXBuildFile; fileRef = AB8118E31F5FE19100236B74 /* AppDelegate.swift */; };
		AB8118E61F5FE19100236B74 /* ViewController.swift in Sources */ = {isa = PBXBuildFile; fileRef = AB8118E51F5FE19100236B74 /* ViewController.swift */; };
		AB8118E91F5FE19100236B74 /* Main.storyboard in Resources */ = {isa = PBXBuildFile; fileRef = AB8118E71F5FE19100236B74 /* Main.storyboard */; };
		AB8118EB1F5FE19100236B74 /* Assets.xcassets in Resources */ = {isa = PBXBuildFile; fileRef = AB8118EA1F5FE19100236B74 /* Assets.xcassets */; };
		AB8118EE1F5FE19100236B74 /* LaunchScreen.storyboard in Resources */ = {isa = PBXBuildFile; fileRef = AB8118EC1F5FE19100236B74 /* LaunchScreen.storyboard */; };
/* End PBXBuildFile section */

/* Begin PBXFileReference section */
		AB8118E01F5FE19100236B74 /* InstaSample.app */ = {isa = PBXFileReference; explicitFileType = wrapper.application; includeInIndex = 0; path = InstaSample.app; sourceTree = BUILT_PRODUCTS_DIR; };
		AB8118E31F5FE19100236B74 /* AppDelegate.swift */ = {isa = PBXFileReference; lastKnownFileType = sourcecode.swift; path = AppDelegate.swift; sourceTree = "<group>"; };
		AB8118E51F5FE19100236B74 /* ViewController.swift */ = {isa = PBXFileReference; lastKnownFileType = sourcecode.swift; path = ViewController.swift; sourceTree = "<group>"; };
		AB8118E81F5FE19100236B74 /* Base */ = {isa = PBXFileReference; lastKnownFileType = file.storyboard; name = Base; path = Base.lproj/Main.storyboard; sourceTree = "<group>"; };
		AB8118EA1F5FE19100236B74 /* Assets.xcassets */ = {isa = PBXFileReference; lastKnownFileType = folder.assetcatalog; path = Assets.xcassets; sourceTree = "<group>"; };
		AB8118ED1F5FE19100236B74 /* Base */ = {isa = PBXFileReference; lastKnownFileType = file.storyboard; name = Base; path = Base.lproj/LaunchScreen.storyboard; sourceTree = "<group>"; };
		AB8118EF1F5FE19100236B74 /* Info.plist */ = {isa = PBXFileReference; lastKnownFileType = text.plist.xml; path = Info.plist; sourceTree = "<group>"; };
/* End PBXFileReference section */

/* Begin PBXFrameworksBuildPhase section */
		AB8118DD1F5FE19100236B74 /* Frameworks */ = {
			isa = PBXFrameworksBuildPhase;
			buildActionMask = 2147483647;
			files = (
			);
			runOnlyForDeploymentPostprocessing = 0;
		};
/* End PBXFrameworksBuildPhase section */

/* Begin PBXGroup section */
		AB8118D71F5FE19100236B74 = {
			isa = PBXGroup;
			children = (
				AB8118E21F5FE19100236B74 /* InstaSample */,
				AB8118E11F5FE19100236B74 /* Products */,
			);
			sourceTree = "<group>";
		};
		AB8118E11F5FE19100236B74 /* Products */ = {
			isa = PBXGroup;
			children = (
				AB8118E01F5FE19100236B74 /* InstaSample.app */,
			);
			name = Products;
			sourceTree = "<group>";
		};
		AB8118E21F5FE19100236B74 /* InstaSample */ = {
			isa = PBXGroup;
			children = (
				AB8118E31F5FE19100236B74 /* AppDelegate.swift */,
				AB8118E51F5FE19100236B74 /* ViewController.swift */,
				AB8118E71F5FE19100236B74 /* Main.storyboard */,
				AB8118EA1F5FE19100236B74 /* Assets.xcassets */,
				AB8118EC1F5FE19100236B74 /* LaunchScreen.storyboard */,
				AB8118EF1F5FE19100236B74 /* Info.plist */,
			);
			path = InstaSample;
			sourceTree = "<group>";
		};
/* End PBXGroup section */

/* Begin PBXNativeTarget section */
		AB8118DF1F5FE19100236B74 /* InstaSample */ = {
			isa = PBXNativeTarget;
			buildConfigurationList = AB8118F21F5FE19100236B74 /* Build configuration list for PBXNativeTarget "InstaSample" */;
			buildPhases = (
				AB8118DC1F5FE19100236B74 /* Sources */,
				AB8118DD1F5FE19100236B74 /* Frameworks */,
				AB8118DE1F5FE19100236B74 /* Resources */,
			);
			buildRules = (
			);
			dependencies = (
			);
			name = InstaSample;
			productName = InstaSample;
			productReference = AB8118E01F5FE19100236B74 /* InstaSample.app */;
			productType = "com.apple.product-type.application";
		};
/* End PBXNativeTarget section */

/* Begin PBXProject section */
		AB8118D81F5FE19100236B74 /* Project object */ = {
			isa = PBXProject;
			attributes = {
				LastSwiftUpdateCheck = 0830;
				LastUpgradeCheck = 0830;
				ORGANIZATIONNAME = nttr;
				TargetAttributes = {
					AB8118DF1F5FE19100236B74 = {
						CreatedOnToolsVersion = 8.3.3;
						ProvisioningStyle = Automatic;
					};
				};
			};
			buildConfigurationList = AB8118DB1F5FE19100236B74 /* Build configuration list for PBXProject "InstaSample" */;
			compatibilityVersion = "Xcode 3.2";
			developmentRegion = English;
			hasScannedForEncodings = 0;
			knownRegions = (
				en,
				Base,
			);
			mainGroup = AB8118D71F5FE19100236B74;
			productRefGroup = AB8118E11F5FE19100236B74 /* Products */;
			projectDirPath = "";
			projectRoot = "";
			targets = (
				AB8118DF1F5FE19100236B74 /* InstaSample */,
			);
		};
/* End PBXProject section */

/* Begin PBXResourcesBuildPhase section */
		AB8118DE1F5FE19100236B74 /* Resources */ = {
			isa = PBXResourcesBuildPhase;
			buildActionMask = 2147483647;
			files = (
				AB8118EE1F5FE19100236B74 /* LaunchScreen.storyboard in Resources */,
				AB8118EB1F5FE19100236B74 /* Assets.xcassets in Resources */,
				AB8118E91F5FE19100236B74 /* Main.storyboard in Resources */,
			);
			runOnlyForDeploymentPostprocessing = 0;
		};
/* End PBXResourcesBuildPhase section */

/* Begin PBXSourcesBuildPhase section */
		AB8118DC1F5FE19100236B74 /* Sources */ = {
			isa = PBXSourcesBuildPhase;
			buildActionMask = 2147483647;
			files = (
				AB8118E61F5FE19100236B74 /* ViewController.swift in Sources */,
				AB8118E41F5FE19100236B74 /* AppDelegate.swift in Sources */,
			);
			runOnlyForDeploymentPostprocessing = 0;
		};
/* End PBXSourcesBuildPhase section */

/* Begin PBXVariantGroup section */
		AB8118E71F5FE19100236B74 /* Main.storyboard */ = {
			isa = PBXVariantGroup;
			children = (
				AB8118E81F5FE19100236B74 /* Base */,
			);
			name = Main.storyboard;
			sourceTree = "<group>";
		};
		AB8118EC1F5FE19100236B74 /* LaunchScreen.storyboard */ = {
			isa = PBXVariantGroup;
			children = (
				AB8118ED1F5FE19100236B74 /* Base */,
			);
			name = LaunchScreen.storyboard;
			sourceTree = "<group>";
		};
/* End PBXVariantGroup section */

/* Begin XCBuildConfiguration section */
		AB8118F01F5FE19100236B74 /* Debug */ = {
			isa = XCBuildConfiguration;
			buildSettings = {
				ALWAYS_SEARCH_USER_PATHS = NO;
				CLANG_ANALYZER_NONNULL = YES;
				CLANG_ANALYZER_NUMBER_OBJECT_CONVERSION = YES_AGGRESSIVE;
				CLANG_CXX_LANGUAGE_STANDARD = "gnu++0x";
				CLANG_CXX_LIBRARY = "libc++";
				CLANG_ENABLE_MODULES = YES;
				CLANG_ENABLE_OBJC_ARC = YES;
				CLANG_WARN_BOOL_CONVERSION = YES;
				CLANG_WARN_CONSTANT_CONVERSION = YES;
				CLANG_WARN_DIRECT_OBJC_ISA_USAGE = YES_ERROR;
				CLANG_WARN_DOCUMENTATION_COMMENTS = YES;
				CLANG_WARN_EMPTY_BODY = YES;
				CLANG_WARN_ENUM_CONVERSION = YES;
				CLANG_WARN_INFINITE_RECURSION = YES;
				CLANG_WARN_INT_CONVERSION = YES;
				CLANG_WARN_OBJC_ROOT_CLASS = YES_ERROR;
				CLANG_WARN_SUSPICIOUS_MOVE = YES;
				CLANG_WARN_UNREACHABLE_CODE = YES;
				CLANG_WARN__DUPLICATE_METHOD_MATCH = YES;
				"CODE_SIGN_IDENTITY[sdk=iphoneos*]" = "iPhone Developer";
				COPY_PHASE_STRIP = NO;
				DEBUG_INFORMATION_FORMAT = dwarf;
				ENABLE_STRICT_OBJC_MSGSEND = YES;
				ENABLE_TESTABILITY = YES;
				GCC_C_LANGUAGE_STANDARD = gnu99;
				GCC_DYNAMIC_NO_PIC = NO;
				GCC_NO_COMMON_BLOCKS = YES;
				GCC_OPTIMIZATION_LEVEL = 0;
				GCC_PREPROCESSOR_DEFINITIONS = (
					"DEBUG=1",
					"$(inherited)",
				);
				GCC_WARN_64_TO_32_BIT_CONVERSION = YES;
				GCC_WARN_ABOUT_RETURN_TYPE = YES_ERROR;
				GCC_WARN_UNDECLARED_SELECTOR = YES;
				GCC_WARN_UNINITIALIZED_AUTOS = YES_AGGRESSIVE;
				GCC_WARN_UNUSED_FUNCTION = YES;
				GCC_WARN_UNUSED_VARIABLE = YES;
				IPHONEOS_DEPLOYMENT_TARGET = 10.3;
				MTL_ENABLE_DEBUG_INFO = YES;
				ONLY_ACTIVE_ARCH = YES;
				SDKROOT = iphoneos;
				SWIFT_ACTIVE_COMPILATION_CONDITIONS = DEBUG;
				SWIFT_OPTIMIZATION_LEVEL = "-Onone";
			};
			name = Debug;
		};
		AB8118F11F5FE19100236B74 /* Release */ = {
			isa = XCBuildConfiguration;
			buildSettings = {
				ALWAYS_SEARCH_USER_PATHS = NO;
				CLANG_ANALYZER_NONNULL = YES;
				CLANG_ANALYZER_NUMBER_OBJECT_CONVERSION = YES_AGGRESSIVE;
				CLANG_CXX_LANGUAGE_STANDARD = "gnu++0x";
				CLANG_CXX_LIBRARY = "libc++";
				CLANG_ENABLE_MODULES = YES;
				CLANG_ENABLE_OBJC_ARC = YES;
				CLANG_WARN_BOOL_CONVERSION = YES;
				CLANG_WARN_CONSTANT_CONVERSION = YES;
				CLANG_WARN_DIRECT_OBJC_ISA_USAGE = YES_ERROR;
				CLANG_WARN_DOCUMENTATION_COMMENTS = YES;
				CLANG_WARN_EMPTY_BODY = YES;
				CLANG_WARN_ENUM_CONVERSION = YES;
				CLANG_WARN_INFINITE_RECURSION = YES;
				CLANG_WARN_INT_CONVERSION = YES;
				CLANG_WARN_OBJC_ROOT_CLASS = YES_ERROR;
				CLANG_WARN_SUSPICIOUS_MOVE = YES;
				CLANG_WARN_UNREACHABLE_CODE = YES;
				CLANG_WARN__DUPLICATE_METHOD_MATCH = YES;
				"CODE_SIGN_IDENTITY[sdk=iphoneos*]" = "iPhone Developer";
				COPY_PHASE_STRIP = NO;
				DEBUG_INFORMATION_FORMAT = "dwarf-with-dsym";
				ENABLE_NS_ASSERTIONS = NO;
				ENABLE_STRICT_OBJC_MSGSEND = YES;
				GCC_C_LANGUAGE_STANDARD = gnu99;
				GCC_NO_COMMON_BLOCKS = YES;
				GCC_WARN_64_TO_32_BIT_CONVERSION = YES;
				GCC_WARN_ABOUT_RETURN_TYPE = YES_ERROR;
				GCC_WARN_UNDECLARED_SELECTOR = YES;
				GCC_WARN_UNINITIALIZED_AUTOS = YES_AGGRESSIVE;
				GCC_WARN_UNUSED_FUNCTION = YES;
				GCC_WARN_UNUSED_VARIABLE = YES;
				IPHONEOS_DEPLOYMENT_TARGET = 10.3;
				MTL_ENABLE_DEBUG_INFO = NO;
				SDKROOT = iphoneos;
				SWIFT_OPTIMIZATION_LEVEL = "-Owholemodule";
				VALIDATE_PRODUCT = YES;
			};
			name = Release;
		};
		AB8118F31F5FE19100236B74 /* Debug */ = {
			isa = XCBuildConfiguration;
			buildSettings = {
				ASSETCATALOG_COMPILER_APPICON_NAME = AppIcon;
				INFOPLIST_FILE = InstaSample/Info.plist;
				LD_RUNPATH_SEARCH_PATHS = "$(inherited) @executable_path/Frameworks";
				PRODUCT_BUNDLE_IDENTIFIER = hamada.nttr.InstaSample;
				PRODUCT_NAME = "$(TARGET_NAME)";
				SWIFT_VERSION = 3.0;
			};
			name = Debug;
		};
		AB8118F41F5FE19100236B74 /* Release */ = {
			isa = XCBuildConfiguration;
			buildSettings = {
				ASSETCATALOG_COMPILER_APPICON_NAME = AppIcon;
				INFOPLIST_FILE = InstaSample/Info.plist;
				LD_RUNPATH_SEARCH_PATHS = "$(inherited) @executable_path/Frameworks";
				PRODUCT_BUNDLE_IDENTIFIER = hamada.nttr.InstaSample;
				PRODUCT_NAME = "$(TARGET_NAME)";
				SWIFT_VERSION = 3.0;
			};
			name = Release;
		};
/* End XCBuildConfiguration section */

/* Begin XCConfigurationList section */
		AB8118DB1F5FE19100236B74 /* Build configuration list for PBXProject "InstaSample" */ = {
			isa = XCConfigurationList;
			buildConfigurations = (
				AB8118F01F5FE19100236B74 /* Debug */,
				AB8118F11F5FE19100236B74 /* Release */,
			);
			defaultConfigurationIsVisible = 0;
			defaultConfigurationName = Release;
		};
		AB8118F21F5FE19100236B74 /* Build configuration list for PBXNativeTarget "InstaSample" */ = {
			isa = XCConfigurationList;
			buildConfigurations = (
				AB8118F31F5FE19100236B74 /* Debug */,
				AB8118F41F5FE19100236B74 /* Release */,
			);
			defaultConfigurationIsVisible = 0;
		};
/* End XCConfigurationList section */
	};
	rootObject = AB8118D81F5FE19100236B74 /* Project object */;
}
